github.com/paulfdunn/logh v0.2.9 h1:WS1+BthxxEsQZ11kHVnm+OH9c23gVYPBlGfJK/ghkgA=
github.com/paulfdunn/logh v0.2.9/go.mod h1:ssWlcOLLlVWXG4AY+1oB/0MOVdahgfVibvia7s6uwzc=
github.com/paulfdunn/logh v1.0.0 h1:e18++q3hFn8oe/1XlSWCHOYKYEligF/ErblkkzFeet4=
github.com/paulfdunn/logh v1.0.0/go.mod h1:ssWlcOLLlVWXG4AY+1oB/0MOVdahgfVibvia7s6uwzc=
